Microsoft Visual Studio Solution File, Format Version 12.00
Project("{FAE04EC0-301F-11D3-BF4B-00C04F79EFBC}") = "Advertisement.Domain", "Services\Advertisement\Advertisement.Domain\Advertisement.Domain.csproj", "{5EECBD1F-E08B-4E06-8D6F-01A8D252DE87}"
EndProject
Project("{2150E333-8FDC-42A3-9474-1A3956D46DE8}") = "Advertisement", "Advertisement", "{51A01FF6-1892-4761-970B-130BE858B188}"
EndProject
Project("{FAE04EC0-301F-11D3-BF4B-00C04F79EFBC}") = "Advertisement.Application", "Services\Advertisement\Advertisement.Application\Advertisement.Application.csproj", "{EB84E104-9D81-4756-BBB4-3C6337CBC38D}"
EndProject
Project("{FAE04EC0-301F-11D3-BF4B-00C04F79EFBC}") = "Advertisement.Infrastructure", "Services\Advertisement\Advertisement.Infrastructure\Advertisement.Infrastructure.csproj", "{005F7233-D066-4E16-BDF9-0FFF7E7EC6B8}"
EndProject
Project("{FAE04EC0-301F-11D3-BF4B-00C04F79EFBC}") = "Advertisement.WebAPI", "Services\Advertisement\Advertisement.WebAPI\Advertisement.WebAPI.csproj", "{6BEA2888-8A58-4A35-9263-CCF3B6B90036}"
EndProject
Project("{FAE04EC0-301F-11D3-BF4B-00C04F79EFBC}") = "CarsCatalog.Domain", "Services\CarsCatalog\CarsCatalog.Domain\CarsCatalog.Domain.csproj", "{D6B7F029-55B4-4E4B-9B89-B06E58320B4A}"
EndProject
Project("{2150E333-8FDC-42A3-9474-1A3956D46DE8}") = "CarsCatalog", "CarsCatalog", "{298B6A5A-B887-47EF-94DD-425407E8A98E}"
EndProject
Project("{FAE04EC0-301F-11D3-BF4B-00C04F79EFBC}") = "CarsCatalog.Application", "Services\CarsCatalog\CarsCatalog.Application\CarsCatalog.Application.csproj", "{9B0D3246-3674-4C43-89F3-F70FBDB08724}"
EndProject
Project("{FAE04EC0-301F-11D3-BF4B-00C04F79EFBC}") = "CarsCatalog.Infrastructure", "Services\CarsCatalog\CarsCatalog.Infrastructure\CarsCatalog.Infrastructure.csproj", "{9BB09FDF-EE2D-457A-9150-459EA2B7297A}"
EndProject
Project("{FAE04EC0-301F-11D3-BF4B-00C04F79EFBC}") = "CarsCatalog.WebAPI", "Services\CarsCatalog\CarsCatalog.WebAPI\CarsCatalog.WebAPI.csproj", "{1B09C9DF-8DB9-48F4-B1C7-3B138DC62EA5}"
EndProject
Project("{FAE04EC0-301F-11D3-BF4B-00C04F79EFBC}") = "IdentityService.Domain", "Services\IdentityService\IdentityService.Domain\IdentityService.Domain.csproj", "{87579E8E-B4AB-406B-84F8-2B9B9E542D67}"
EndProject
Project("{2150E333-8FDC-42A3-9474-1A3956D46DE8}") = "IdentityService", "IdentityService", "{7095656B-7824-4E3B-A538-B6851874CBCC}"
EndProject
Project("{FAE04EC0-301F-11D3-BF4B-00C04F79EFBC}") = "IdentityService.Application", "Services\IdentityService\IdentityService.Application\IdentityService.Application.csproj", "{F335822D-FB74-4403-B5C5-E954D95BECC3}"
EndProject
Project("{FAE04EC0-301F-11D3-BF4B-00C04F79EFBC}") = "IdentityService.Infrastructure", "Services\IdentityService\IdentityService.Infrastructure\IdentityService.Infrastructure.csproj", "{288E30EF-0256-460C-82FE-95617DBE940E}"
EndProject
Project("{FAE04EC0-301F-11D3-BF4B-00C04F79EFBC}") = "IdentityService.WebAPI", "Services\IdentityService\IdentityService.WebAPI\IdentityService.WebAPI.csproj", "{0493D3CA-C664-4E31-B376-FB27C8B32283}"
EndProject
Project("{FAE04EC0-301F-11D3-BF4B-00C04F79EFBC}") = "Common.Logging", "Common\Common.Logging\Common.Logging.csproj", "{5544E718-FF17-4A13-8B95-B4C7880DC450}"
EndProject
Project("{2150E333-8FDC-42A3-9474-1A3956D46DE8}") = "Common", "Common", "{33ED6351-CF2A-41EC-BE66-12083B7507AD}"
EndProject
Project("{FAE04EC0-301F-11D3-BF4B-00C04F79EFBC}") = "Identity.gRPC.Contracts", "Common\Identity.gRPC.Contracts\Identity.gRPC.Contracts.csproj", "{807C8B93-BF18-4C97-910E-7C12F6E466FB}"
EndProject
Project("{FAE04EC0-301F-11D3-BF4B-00C04F79EFBC}") = "CarsCatalog.gRPC.Contracts", "Common\CarsCatalog.gRPC.Contracts\CarsCatalog.gRPC.Contracts.csproj", "{D2D8B97C-7701-43B9-B5F2-5E3FD0EE3C16}"
EndProject
Project("{FAE04EC0-301F-11D3-BF4B-00C04F79EFBC}") = "CarsCatalog.Messages.Contracts", "Common\CarsCatalog.Messages.Contracts\CarsCatalog.Messages.Contracts.csproj", "{C34E6781-C283-42EA-8281-EFE6C4A268CA}"
EndProject
Project("{FAE04EC0-301F-11D3-BF4B-00C04F79EFBC}") = "Identity.Messages.Contracts", "Common\Identity.Messages.Contracts\Identity.Messages.Contracts.csproj", "{58382567-6491-4B9C-B03D-E987C1D6F20A}"
EndProject
Project("{2150E333-8FDC-42A3-9474-1A3956D46DE8}") = "Chat", "Chat", "{C8711C00-4BC1-4511-9F45-9E0EA29DE65F}"
EndProject
Project("{FAE04EC0-301F-11D3-BF4B-00C04F79EFBC}") = "Chat.Domain", "Services\Chat\Chat.Domain\Chat.Domain.csproj", "{3EB58790-F441-4EB4-A6AD-E22B838440C7}"
EndProject
Project("{FAE04EC0-301F-11D3-BF4B-00C04F79EFBC}") = "Advertisement.gRPC.Contracts", "Common\Advertisement.gRPC.Contracts\Advertisement.gRPC.Contracts.csproj", "{DF31D5E8-7B7F-40C8-A02F-21601B03981B}"
EndProject
Project("{FAE04EC0-301F-11D3-BF4B-00C04F79EFBC}") = "Chat.Application", "Services\Chat\Chat.Application\Chat.Application.csproj", "{8E66B8EA-4E98-46B2-AECD-AEE30CC420F8}"
EndProject
Project("{FAE04EC0-301F-11D3-BF4B-00C04F79EFBC}") = "Chat.Infrastructure", "Services\Chat\Chat.Infrastructure\Chat.Infrastructure.csproj", "{BB779E61-5B6C-4C79-A545-93FECF4DCDD5}"
EndProject
Project("{FAE04EC0-301F-11D3-BF4B-00C04F79EFBC}") = "Chat.WebAPI", "Services\Chat\Chat.WebAPI\Chat.WebAPI.csproj", "{2EDE2797-1FB7-4205-9A45-A24E2D42BFA7}"
EndProject
Project("{2150E333-8FDC-42A3-9474-1A3956D46DE8}") = "Notification", "Notification", "{39A880D3-1DED-4B82-9CC7-A3FF9C919A10}"
EndProject
Project("{FAE04EC0-301F-11D3-BF4B-00C04F79EFBC}") = "Notification.Application", "Services\Notification\Notification.Application\Notification.Application.csproj", "{5BC2C5A1-9BCD-4BD7-AD46-F2D79555764C}"
EndProject
Project("{FAE04EC0-301F-11D3-BF4B-00C04F79EFBC}") = "Notification.gRPC.Contracts", "Common\Notification.gRPC.Contracts\Notification.gRPC.Contracts.csproj", "{5F6682BD-C9D1-463F-8728-699D23B4D7CA}"
EndProject
Project("{FAE04EC0-301F-11D3-BF4B-00C04F79EFBC}") = "Notification.gRPC", "Services\Notification\Notification.gRPC\Notification.gRPC.csproj", "{6A316C11-B809-4A6C-9648-899BDB15354D}"
EndProject
Project("{2150E333-8FDC-42A3-9474-1A3956D46DE8}") = "FavoriteFilters", "FavoriteFilters", "{51D84245-88E2-4C57-BC11-3F4C48AA834B}"
EndProject
Project("{FAE04EC0-301F-11D3-BF4B-00C04F79EFBC}") = "FavoriteFilters.Domain", "Services\FavoriteFilters\FavoriteFilters.Domain\FavoriteFilters.Domain.csproj", "{FB6E5DCD-BA63-497C-BB61-E3425932686B}"
EndProject
Project("{FAE04EC0-301F-11D3-BF4B-00C04F79EFBC}") = "FavoriteFilters.Application", "Services\FavoriteFilters\FavoriteFilters.Application\FavoriteFilters.Application.csproj", "{377AB6BC-A379-420C-8D73-E83DCB849B95}"
EndProject
Project("{FAE04EC0-301F-11D3-BF4B-00C04F79EFBC}") = "FavoriteFilters.Infrastructure", "Services\FavoriteFilters\FavoriteFilters.Infrastructure\FavoriteFilters.Infrastructure.csproj", "{563771D6-3E47-4185-9F6D-ED787A25A88A}"
EndProject
Project("{FAE04EC0-301F-11D3-BF4B-00C04F79EFBC}") = "FavoriteFilters.WebAPI", "Services\FavoriteFilters\FavoriteFilters.WebAPI\FavoriteFilters.WebAPI.csproj", "{E99012BD-D2A9-4B69-A70D-975CCE1E10A4}"
EndProject
Project("{2150E333-8FDC-42A3-9474-1A3956D46DE8}") = "Services", "Services", "{460D8197-DDED-461E-A8A0-76EABC90BF76}"
EndProject
Global
	GlobalSection(SolutionConfigurationPlatforms) = preSolution
		Debug|Any CPU = Debug|Any CPU
		Release|Any CPU = Release|Any CPU
	EndGlobalSection
	GlobalSection(ProjectConfigurationPlatforms) = postSolution
		{5EECBD1F-E08B-4E06-8D6F-01A8D252DE87}.Debug|Any CPU.ActiveCfg = Debug|Any CPU
		{5EECBD1F-E08B-4E06-8D6F-01A8D252DE87}.Debug|Any CPU.Build.0 = Debug|Any CPU
		{5EECBD1F-E08B-4E06-8D6F-01A8D252DE87}.Release|Any CPU.ActiveCfg = Release|Any CPU
		{5EECBD1F-E08B-4E06-8D6F-01A8D252DE87}.Release|Any CPU.Build.0 = Release|Any CPU
		{EB84E104-9D81-4756-BBB4-3C6337CBC38D}.Debug|Any CPU.ActiveCfg = Debug|Any CPU
		{EB84E104-9D81-4756-BBB4-3C6337CBC38D}.Debug|Any CPU.Build.0 = Debug|Any CPU
		{EB84E104-9D81-4756-BBB4-3C6337CBC38D}.Release|Any CPU.ActiveCfg = Release|Any CPU
		{EB84E104-9D81-4756-BBB4-3C6337CBC38D}.Release|Any CPU.Build.0 = Release|Any CPU
		{005F7233-D066-4E16-BDF9-0FFF7E7EC6B8}.Debug|Any CPU.ActiveCfg = Debug|Any CPU
		{005F7233-D066-4E16-BDF9-0FFF7E7EC6B8}.Debug|Any CPU.Build.0 = Debug|Any CPU
		{005F7233-D066-4E16-BDF9-0FFF7E7EC6B8}.Release|Any CPU.ActiveCfg = Release|Any CPU
		{005F7233-D066-4E16-BDF9-0FFF7E7EC6B8}.Release|Any CPU.Build.0 = Release|Any CPU
		{6BEA2888-8A58-4A35-9263-CCF3B6B90036}.Debug|Any CPU.ActiveCfg = Debug|Any CPU
		{6BEA2888-8A58-4A35-9263-CCF3B6B90036}.Debug|Any CPU.Build.0 = Debug|Any CPU
		{6BEA2888-8A58-4A35-9263-CCF3B6B90036}.Release|Any CPU.ActiveCfg = Release|Any CPU
		{6BEA2888-8A58-4A35-9263-CCF3B6B90036}.Release|Any CPU.Build.0 = Release|Any CPU
		{807C8B93-BF18-4C97-910E-7C12F6E466FB}.Debug|Any CPU.ActiveCfg = Debug|Any CPU
		{807C8B93-BF18-4C97-910E-7C12F6E466FB}.Debug|Any CPU.Build.0 = Debug|Any CPU
		{807C8B93-BF18-4C97-910E-7C12F6E466FB}.Release|Any CPU.ActiveCfg = Release|Any CPU
		{807C8B93-BF18-4C97-910E-7C12F6E466FB}.Release|Any CPU.Build.0 = Release|Any CPU
		{D2D8B97C-7701-43B9-B5F2-5E3FD0EE3C16}.Debug|Any CPU.ActiveCfg = Debug|Any CPU
		{D2D8B97C-7701-43B9-B5F2-5E3FD0EE3C16}.Debug|Any CPU.Build.0 = Debug|Any CPU
		{D2D8B97C-7701-43B9-B5F2-5E3FD0EE3C16}.Release|Any CPU.ActiveCfg = Release|Any CPU
		{D2D8B97C-7701-43B9-B5F2-5E3FD0EE3C16}.Release|Any CPU.Build.0 = Release|Any CPU
		{C34E6781-C283-42EA-8281-EFE6C4A268CA}.Debug|Any CPU.ActiveCfg = Debug|Any CPU
		{C34E6781-C283-42EA-8281-EFE6C4A268CA}.Debug|Any CPU.Build.0 = Debug|Any CPU
		{C34E6781-C283-42EA-8281-EFE6C4A268CA}.Release|Any CPU.ActiveCfg = Release|Any CPU
		{C34E6781-C283-42EA-8281-EFE6C4A268CA}.Release|Any CPU.Build.0 = Release|Any CPU
		{58382567-6491-4B9C-B03D-E987C1D6F20A}.Debug|Any CPU.ActiveCfg = Debug|Any CPU
		{58382567-6491-4B9C-B03D-E987C1D6F20A}.Debug|Any CPU.Build.0 = Debug|Any CPU
		{58382567-6491-4B9C-B03D-E987C1D6F20A}.Release|Any CPU.ActiveCfg = Release|Any CPU
		{58382567-6491-4B9C-B03D-E987C1D6F20A}.Release|Any CPU.Build.0 = Release|Any CPU
		{9B0D3246-3674-4C43-89F3-F70FBDB08724}.Debug|Any CPU.ActiveCfg = Debug|Any CPU
		{9B0D3246-3674-4C43-89F3-F70FBDB08724}.Debug|Any CPU.Build.0 = Debug|Any CPU
		{9B0D3246-3674-4C43-89F3-F70FBDB08724}.Release|Any CPU.ActiveCfg = Release|Any CPU
		{9B0D3246-3674-4C43-89F3-F70FBDB08724}.Release|Any CPU.Build.0 = Release|Any CPU
		{D6B7F029-55B4-4E4B-9B89-B06E58320B4A}.Debug|Any CPU.ActiveCfg = Debug|Any CPU
		{D6B7F029-55B4-4E4B-9B89-B06E58320B4A}.Debug|Any CPU.Build.0 = Debug|Any CPU
		{D6B7F029-55B4-4E4B-9B89-B06E58320B4A}.Release|Any CPU.ActiveCfg = Release|Any CPU
		{D6B7F029-55B4-4E4B-9B89-B06E58320B4A}.Release|Any CPU.Build.0 = Release|Any CPU
		{9BB09FDF-EE2D-457A-9150-459EA2B7297A}.Debug|Any CPU.ActiveCfg = Debug|Any CPU
		{9BB09FDF-EE2D-457A-9150-459EA2B7297A}.Debug|Any CPU.Build.0 = Debug|Any CPU
		{9BB09FDF-EE2D-457A-9150-459EA2B7297A}.Release|Any CPU.ActiveCfg = Release|Any CPU
		{9BB09FDF-EE2D-457A-9150-459EA2B7297A}.Release|Any CPU.Build.0 = Release|Any CPU
		{1B09C9DF-8DB9-48F4-B1C7-3B138DC62EA5}.Debug|Any CPU.ActiveCfg = Debug|Any CPU
		{1B09C9DF-8DB9-48F4-B1C7-3B138DC62EA5}.Debug|Any CPU.Build.0 = Debug|Any CPU
		{1B09C9DF-8DB9-48F4-B1C7-3B138DC62EA5}.Release|Any CPU.ActiveCfg = Release|Any CPU
		{1B09C9DF-8DB9-48F4-B1C7-3B138DC62EA5}.Release|Any CPU.Build.0 = Release|Any CPU
		{3EB58790-F441-4EB4-A6AD-E22B838440C7}.Debug|Any CPU.ActiveCfg = Debug|Any CPU
		{3EB58790-F441-4EB4-A6AD-E22B838440C7}.Debug|Any CPU.Build.0 = Debug|Any CPU
		{3EB58790-F441-4EB4-A6AD-E22B838440C7}.Release|Any CPU.ActiveCfg = Release|Any CPU
		{3EB58790-F441-4EB4-A6AD-E22B838440C7}.Release|Any CPU.Build.0 = Release|Any CPU
		{DF31D5E8-7B7F-40C8-A02F-21601B03981B}.Debug|Any CPU.ActiveCfg = Debug|Any CPU
		{DF31D5E8-7B7F-40C8-A02F-21601B03981B}.Debug|Any CPU.Build.0 = Debug|Any CPU
		{DF31D5E8-7B7F-40C8-A02F-21601B03981B}.Release|Any CPU.ActiveCfg = Release|Any CPU
		{DF31D5E8-7B7F-40C8-A02F-21601B03981B}.Release|Any CPU.Build.0 = Release|Any CPU
		{8E66B8EA-4E98-46B2-AECD-AEE30CC420F8}.Debug|Any CPU.ActiveCfg = Debug|Any CPU
		{8E66B8EA-4E98-46B2-AECD-AEE30CC420F8}.Debug|Any CPU.Build.0 = Debug|Any CPU
		{8E66B8EA-4E98-46B2-AECD-AEE30CC420F8}.Release|Any CPU.ActiveCfg = Release|Any CPU
		{8E66B8EA-4E98-46B2-AECD-AEE30CC420F8}.Release|Any CPU.Build.0 = Release|Any CPU
		{BB779E61-5B6C-4C79-A545-93FECF4DCDD5}.Debug|Any CPU.ActiveCfg = Debug|Any CPU
		{BB779E61-5B6C-4C79-A545-93FECF4DCDD5}.Debug|Any CPU.Build.0 = Debug|Any CPU
		{BB779E61-5B6C-4C79-A545-93FECF4DCDD5}.Release|Any CPU.ActiveCfg = Release|Any CPU
		{BB779E61-5B6C-4C79-A545-93FECF4DCDD5}.Release|Any CPU.Build.0 = Release|Any CPU
		{2EDE2797-1FB7-4205-9A45-A24E2D42BFA7}.Debug|Any CPU.ActiveCfg = Debug|Any CPU
		{2EDE2797-1FB7-4205-9A45-A24E2D42BFA7}.Debug|Any CPU.Build.0 = Debug|Any CPU
		{2EDE2797-1FB7-4205-9A45-A24E2D42BFA7}.Release|Any CPU.ActiveCfg = Release|Any CPU
		{2EDE2797-1FB7-4205-9A45-A24E2D42BFA7}.Release|Any CPU.Build.0 = Release|Any CPU
		{5BC2C5A1-9BCD-4BD7-AD46-F2D79555764C}.Debug|Any CPU.ActiveCfg = Debug|Any CPU
		{5BC2C5A1-9BCD-4BD7-AD46-F2D79555764C}.Debug|Any CPU.Build.0 = Debug|Any CPU
		{5BC2C5A1-9BCD-4BD7-AD46-F2D79555764C}.Release|Any CPU.ActiveCfg = Release|Any CPU
		{5BC2C5A1-9BCD-4BD7-AD46-F2D79555764C}.Release|Any CPU.Build.0 = Release|Any CPU
		{5F6682BD-C9D1-463F-8728-699D23B4D7CA}.Debug|Any CPU.ActiveCfg = Debug|Any CPU
		{5F6682BD-C9D1-463F-8728-699D23B4D7CA}.Debug|Any CPU.Build.0 = Debug|Any CPU
		{5F6682BD-C9D1-463F-8728-699D23B4D7CA}.Release|Any CPU.ActiveCfg = Release|Any CPU
		{5F6682BD-C9D1-463F-8728-699D23B4D7CA}.Release|Any CPU.Build.0 = Release|Any CPU
		{6A316C11-B809-4A6C-9648-899BDB15354D}.Debug|Any CPU.ActiveCfg = Debug|Any CPU
		{6A316C11-B809-4A6C-9648-899BDB15354D}.Debug|Any CPU.Build.0 = Debug|Any CPU
		{6A316C11-B809-4A6C-9648-899BDB15354D}.Release|Any CPU.ActiveCfg = Release|Any CPU
		{6A316C11-B809-4A6C-9648-899BDB15354D}.Release|Any CPU.Build.0 = Release|Any CPU
		{FB6E5DCD-BA63-497C-BB61-E3425932686B}.Debug|Any CPU.ActiveCfg = Debug|Any CPU
		{FB6E5DCD-BA63-497C-BB61-E3425932686B}.Debug|Any CPU.Build.0 = Debug|Any CPU
		{FB6E5DCD-BA63-497C-BB61-E3425932686B}.Release|Any CPU.ActiveCfg = Release|Any CPU
		{FB6E5DCD-BA63-497C-BB61-E3425932686B}.Release|Any CPU.Build.0 = Release|Any CPU
		{377AB6BC-A379-420C-8D73-E83DCB849B95}.Debug|Any CPU.ActiveCfg = Debug|Any CPU
		{377AB6BC-A379-420C-8D73-E83DCB849B95}.Debug|Any CPU.Build.0 = Debug|Any CPU
		{377AB6BC-A379-420C-8D73-E83DCB849B95}.Release|Any CPU.ActiveCfg = Release|Any CPU
		{377AB6BC-A379-420C-8D73-E83DCB849B95}.Release|Any CPU.Build.0 = Release|Any CPU
		{563771D6-3E47-4185-9F6D-ED787A25A88A}.Debug|Any CPU.ActiveCfg = Debug|Any CPU
		{563771D6-3E47-4185-9F6D-ED787A25A88A}.Debug|Any CPU.Build.0 = Debug|Any CPU
		{563771D6-3E47-4185-9F6D-ED787A25A88A}.Release|Any CPU.ActiveCfg = Release|Any CPU
		{563771D6-3E47-4185-9F6D-ED787A25A88A}.Release|Any CPU.Build.0 = Release|Any CPU
		{E99012BD-D2A9-4B69-A70D-975CCE1E10A4}.Debug|Any CPU.ActiveCfg = Debug|Any CPU
		{E99012BD-D2A9-4B69-A70D-975CCE1E10A4}.Debug|Any CPU.Build.0 = Debug|Any CPU
		{E99012BD-D2A9-4B69-A70D-975CCE1E10A4}.Release|Any CPU.ActiveCfg = Release|Any CPU
		{E99012BD-D2A9-4B69-A70D-975CCE1E10A4}.Release|Any CPU.Build.0 = Release|Any CPU
	EndGlobalSection
	GlobalSection(NestedProjects) = preSolution
		{5EECBD1F-E08B-4E06-8D6F-01A8D252DE87} = {51A01FF6-1892-4761-970B-130BE858B188}
		{EB84E104-9D81-4756-BBB4-3C6337CBC38D} = {51A01FF6-1892-4761-970B-130BE858B188}
		{005F7233-D066-4E16-BDF9-0FFF7E7EC6B8} = {51A01FF6-1892-4761-970B-130BE858B188}
		{6BEA2888-8A58-4A35-9263-CCF3B6B90036} = {51A01FF6-1892-4761-970B-130BE858B188}
		{2571255A-A593-4AD2-82F2-DD2A7AFC5ACB} = {33ED6351-CF2A-41EC-BE66-12083B7507AD}
		{807C8B93-BF18-4C97-910E-7C12F6E466FB} = {33ED6351-CF2A-41EC-BE66-12083B7507AD}
		{D2D8B97C-7701-43B9-B5F2-5E3FD0EE3C16} = {33ED6351-CF2A-41EC-BE66-12083B7507AD}
		{C34E6781-C283-42EA-8281-EFE6C4A268CA} = {33ED6351-CF2A-41EC-BE66-12083B7507AD}
		{58382567-6491-4B9C-B03D-E987C1D6F20A} = {33ED6351-CF2A-41EC-BE66-12083B7507AD}
		{9B0D3246-3674-4C43-89F3-F70FBDB08724} = {298B6A5A-B887-47EF-94DD-425407E8A98E}
		{D6B7F029-55B4-4E4B-9B89-B06E58320B4A} = {298B6A5A-B887-47EF-94DD-425407E8A98E}
		{9BB09FDF-EE2D-457A-9150-459EA2B7297A} = {298B6A5A-B887-47EF-94DD-425407E8A98E}
		{1B09C9DF-8DB9-48F4-B1C7-3B138DC62EA5} = {298B6A5A-B887-47EF-94DD-425407E8A98E}
		{3EB58790-F441-4EB4-A6AD-E22B838440C7} = {C8711C00-4BC1-4511-9F45-9E0EA29DE65F}
		{DF31D5E8-7B7F-40C8-A02F-21601B03981B} = {33ED6351-CF2A-41EC-BE66-12083B7507AD}
		{8E66B8EA-4E98-46B2-AECD-AEE30CC420F8} = {C8711C00-4BC1-4511-9F45-9E0EA29DE65F}
		{BB779E61-5B6C-4C79-A545-93FECF4DCDD5} = {C8711C00-4BC1-4511-9F45-9E0EA29DE65F}
		{2EDE2797-1FB7-4205-9A45-A24E2D42BFA7} = {C8711C00-4BC1-4511-9F45-9E0EA29DE65F}
		{5BC2C5A1-9BCD-4BD7-AD46-F2D79555764C} = {39A880D3-1DED-4B82-9CC7-A3FF9C919A10}
		{5F6682BD-C9D1-463F-8728-699D23B4D7CA} = {33ED6351-CF2A-41EC-BE66-12083B7507AD}
		{6A316C11-B809-4A6C-9648-899BDB15354D} = {39A880D3-1DED-4B82-9CC7-A3FF9C919A10}
		{FB6E5DCD-BA63-497C-BB61-E3425932686B} = {51D84245-88E2-4C57-BC11-3F4C48AA834B}
		{377AB6BC-A379-420C-8D73-E83DCB849B95} = {51D84245-88E2-4C57-BC11-3F4C48AA834B}
		{563771D6-3E47-4185-9F6D-ED787A25A88A} = {51D84245-88E2-4C57-BC11-3F4C48AA834B}
		{E99012BD-D2A9-4B69-A70D-975CCE1E10A4} = {51D84245-88E2-4C57-BC11-3F4C48AA834B}
		{39A880D3-1DED-4B82-9CC7-A3FF9C919A10} = {460D8197-DDED-461E-A8A0-76EABC90BF76}
		{7095656B-7824-4E3B-A538-B6851874CBCC} = {460D8197-DDED-461E-A8A0-76EABC90BF76}
		{51D84245-88E2-4C57-BC11-3F4C48AA834B} = {460D8197-DDED-461E-A8A0-76EABC90BF76}
		{C8711C00-4BC1-4511-9F45-9E0EA29DE65F} = {460D8197-DDED-461E-A8A0-76EABC90BF76}
		{298B6A5A-B887-47EF-94DD-425407E8A98E} = {460D8197-DDED-461E-A8A0-76EABC90BF76}
		{51A01FF6-1892-4761-970B-130BE858B188} = {460D8197-DDED-461E-A8A0-76EABC90BF76}
	EndGlobalSection
	GlobalSection(ProjectConfigurationPlatforms) = postSolution
		{87579E8E-B4AB-406B-84F8-2B9B9E542D67}.Debug|Any CPU.ActiveCfg = Debug|Any CPU
		{87579E8E-B4AB-406B-84F8-2B9B9E542D67}.Debug|Any CPU.Build.0 = Debug|Any CPU
		{87579E8E-B4AB-406B-84F8-2B9B9E542D67}.Release|Any CPU.ActiveCfg = Release|Any CPU
		{87579E8E-B4AB-406B-84F8-2B9B9E542D67}.Release|Any CPU.Build.0 = Release|Any CPU
		{F335822D-FB74-4403-B5C5-E954D95BECC3}.Debug|Any CPU.ActiveCfg = Debug|Any CPU
		{F335822D-FB74-4403-B5C5-E954D95BECC3}.Debug|Any CPU.Build.0 = Debug|Any CPU
		{F335822D-FB74-4403-B5C5-E954D95BECC3}.Release|Any CPU.ActiveCfg = Release|Any CPU
		{F335822D-FB74-4403-B5C5-E954D95BECC3}.Release|Any CPU.Build.0 = Release|Any CPU
		{288E30EF-0256-460C-82FE-95617DBE940E}.Debug|Any CPU.ActiveCfg = Debug|Any CPU
		{288E30EF-0256-460C-82FE-95617DBE940E}.Debug|Any CPU.Build.0 = Debug|Any CPU
		{288E30EF-0256-460C-82FE-95617DBE940E}.Release|Any CPU.ActiveCfg = Release|Any CPU
		{288E30EF-0256-460C-82FE-95617DBE940E}.Release|Any CPU.Build.0 = Release|Any CPU
		{0493D3CA-C664-4E31-B376-FB27C8B32283}.Debug|Any CPU.ActiveCfg = Debug|Any CPU
		{0493D3CA-C664-4E31-B376-FB27C8B32283}.Debug|Any CPU.Build.0 = Debug|Any CPU
		{0493D3CA-C664-4E31-B376-FB27C8B32283}.Release|Any CPU.ActiveCfg = Release|Any CPU
		{0493D3CA-C664-4E31-B376-FB27C8B32283}.Release|Any CPU.Build.0 = Release|Any CPU
		{5544E718-FF17-4A13-8B95-B4C7880DC450}.Debug|Any CPU.ActiveCfg = Debug|Any CPU
		{5544E718-FF17-4A13-8B95-B4C7880DC450}.Debug|Any CPU.Build.0 = Debug|Any CPU
		{5544E718-FF17-4A13-8B95-B4C7880DC450}.Release|Any CPU.ActiveCfg = Release|Any CPU
		{5544E718-FF17-4A13-8B95-B4C7880DC450}.Release|Any CPU.Build.0 = Release|Any CPU
	EndGlobalSection
	GlobalSection(NestedProjects) = preSolution
		{87579E8E-B4AB-406B-84F8-2B9B9E542D67} = {7095656B-7824-4E3B-A538-B6851874CBCC}
		{F335822D-FB74-4403-B5C5-E954D95BECC3} = {7095656B-7824-4E3B-A538-B6851874CBCC}
		{288E30EF-0256-460C-82FE-95617DBE940E} = {7095656B-7824-4E3B-A538-B6851874CBCC}
		{0493D3CA-C664-4E31-B376-FB27C8B32283} = {7095656B-7824-4E3B-A538-B6851874CBCC}
		{5544E718-FF17-4A13-8B95-B4C7880DC450} = {33ED6351-CF2A-41EC-BE66-12083B7507AD}
	EndGlobalSection
EndGlobal
