Microsoft Visual Studio Solution File, Format Version 12.00
Project("{FAE04EC0-301F-11D3-BF4B-00C04F79EFBC}") = "Advertisement.Domain", "Services\Advertisement\Advertisement.Domain\Advertisement.Domain.csproj", "{5EECBD1F-E08B-4E06-8D6F-01A8D252DE87}"
EndProject
Project("{2150E333-8FDC-42A3-9474-1A3956D46DE8}") = "Advertisement", "Advertisement", "{51A01FF6-1892-4761-970B-130BE858B188}"
EndProject
Project("{FAE04EC0-301F-11D3-BF4B-00C04F79EFBC}") = "Advertisement.Application", "Services\Advertisement\Advertisement.Application\Advertisement.Application.csproj", "{EB84E104-9D81-4756-BBB4-3C6337CBC38D}"
EndProject
Project("{FAE04EC0-301F-11D3-BF4B-00C04F79EFBC}") = "Advertisement.Infrastructure", "Services\Advertisement\Advertisement.Infrastructure\Advertisement.Infrastructure.csproj", "{005F7233-D066-4E16-BDF9-0FFF7E7EC6B8}"
EndProject
Project("{FAE04EC0-301F-11D3-BF4B-00C04F79EFBC}") = "Advertisement.WebAPI", "Services\Advertisement\Advertisement.WebAPI\Advertisement.WebAPI.csproj", "{6BEA2888-8A58-4A35-9263-CCF3B6B90036}"
Project("{FAE04EC0-301F-11D3-BF4B-00C04F79EFBC}") = "CarsCatalog.Domain", "Services\CarsCatalog\CarsCatalog.Domain\CarsCatalog.Domain.csproj", "{D6B7F029-55B4-4E4B-9B89-B06E58320B4A}"
EndProject
Project("{2150E333-8FDC-42A3-9474-1A3956D46DE8}") = "CarsCatalog", "CarsCatalog", "{298B6A5A-B887-47EF-94DD-425407E8A98E}"
EndProject
Project("{FAE04EC0-301F-11D3-BF4B-00C04F79EFBC}") = "CarsCatalog.Application", "Services\CarsCatalog\CarsCatalog.Application\CarsCatalog.Application.csproj", "{9B0D3246-3674-4C43-89F3-F70FBDB08724}"
EndProject
Project("{FAE04EC0-301F-11D3-BF4B-00C04F79EFBC}") = "CarsCatalog.Infrastructure", "Services\CarsCatalog\CarsCatalog.Infrastructure\CarsCatalog.Infrastructure.csproj", "{9BB09FDF-EE2D-457A-9150-459EA2B7297A}"
EndProject
Project("{FAE04EC0-301F-11D3-BF4B-00C04F79EFBC}") = "CarsCatalog.WebAPI", "Services\CarsCatalog\CarsCatalog.WebAPI\CarsCatalog.WebAPI.csproj", "{1B09C9DF-8DB9-48F4-B1C7-3B138DC62EA5}"
EndProject
Project("{FAE04EC0-301F-11D3-BF4B-00C04F79EFBC}") = "IdentityService.Domain", "Services\IdentityService\IdentityService.Domain\IdentityService.Domain.csproj", "{87579E8E-B4AB-406B-84F8-2B9B9E542D67}"
EndProject
Project("{2150E333-8FDC-42A3-9474-1A3956D46DE8}") = "IdentityService", "IdentityService", "{7095656B-7824-4E3B-A538-B6851874CBCC}"
EndProject
Project("{FAE04EC0-301F-11D3-BF4B-00C04F79EFBC}") = "IdentityService.Application", "Services\IdentityService\IdentityService.Application\IdentityService.Application.csproj", "{F335822D-FB74-4403-B5C5-E954D95BECC3}"
EndProject
Project("{FAE04EC0-301F-11D3-BF4B-00C04F79EFBC}") = "IdentityService.Infrastructure", "Services\IdentityService\IdentityService.Infrastructure\IdentityService.Infrastructure.csproj", "{288E30EF-0256-460C-82FE-95617DBE940E}"
EndProject
Project("{FAE04EC0-301F-11D3-BF4B-00C04F79EFBC}") = "IdentityService.WebAPI", "Services\IdentityService\IdentityService.WebAPI\IdentityService.WebAPI.csproj", "{0493D3CA-C664-4E31-B376-FB27C8B32283}"
EndProject
Project("{FAE04EC0-301F-11D3-BF4B-00C04F79EFBC}") = "Common.Logging", "Common\Common.Logging\Common.Logging.csproj", "{5544E718-FF17-4A13-8B95-B4C7880DC450}"
EndProject
Project("{2150E333-8FDC-42A3-9474-1A3956D46DE8}") = "Common", "Common", "{33ED6351-CF2A-41EC-BE66-12083B7507AD}"
EndProject
Project("{FAE04EC0-301F-11D3-BF4B-00C04F79EFBC}") = "Identity.gRPC.Contracts", "Common\Identity.gRPC.Contracts\Identity.gRPC.Contracts.csproj", "{807C8B93-BF18-4C97-910E-7C12F6E466FB}"
EndProject
Project("{FAE04EC0-301F-11D3-BF4B-00C04F79EFBC}") = "CarsCatalog.gRPC.Contracts", "Common\CarsCatalog.gRPC.Contracts\CarsCatalog.gRPC.Contracts.csproj", "{D2D8B97C-7701-43B9-B5F2-5E3FD0EE3C16}"
EndProject
Project("{FAE04EC0-301F-11D3-BF4B-00C04F79EFBC}") = "CarsCatalog.Messages.Contracts", "Common\CarsCatalog.Messages.Contracts\CarsCatalog.Messages.Contracts.csproj", "{C34E6781-C283-42EA-8281-EFE6C4A268CA}"
EndProject
Project("{FAE04EC0-301F-11D3-BF4B-00C04F79EFBC}") = "Identity.Messages.Contracts", "Common\Identity.Messages.Contracts\Identity.Messages.Contracts.csproj", "{58382567-6491-4B9C-B03D-E987C1D6F20A}"
EndProject
Global
	GlobalSection(SolutionConfigurationPlatforms) = preSolution
		Debug|Any CPU = Debug|Any CPU
		Release|Any CPU = Release|Any CPU
	EndGlobalSection
	GlobalSection(ProjectConfigurationPlatforms) = postSolution
		{5EECBD1F-E08B-4E06-8D6F-01A8D252DE87}.Debug|Any CPU.ActiveCfg = Debug|Any CPU
		{5EECBD1F-E08B-4E06-8D6F-01A8D252DE87}.Debug|Any CPU.Build.0 = Debug|Any CPU
		{5EECBD1F-E08B-4E06-8D6F-01A8D252DE87}.Release|Any CPU.ActiveCfg = Release|Any CPU
		{5EECBD1F-E08B-4E06-8D6F-01A8D252DE87}.Release|Any CPU.Build.0 = Release|Any CPU
		{EB84E104-9D81-4756-BBB4-3C6337CBC38D}.Debug|Any CPU.ActiveCfg = Debug|Any CPU
		{EB84E104-9D81-4756-BBB4-3C6337CBC38D}.Debug|Any CPU.Build.0 = Debug|Any CPU
		{EB84E104-9D81-4756-BBB4-3C6337CBC38D}.Release|Any CPU.ActiveCfg = Release|Any CPU
		{EB84E104-9D81-4756-BBB4-3C6337CBC38D}.Release|Any CPU.Build.0 = Release|Any CPU
		{005F7233-D066-4E16-BDF9-0FFF7E7EC6B8}.Debug|Any CPU.ActiveCfg = Debug|Any CPU
		{005F7233-D066-4E16-BDF9-0FFF7E7EC6B8}.Debug|Any CPU.Build.0 = Debug|Any CPU
		{005F7233-D066-4E16-BDF9-0FFF7E7EC6B8}.Release|Any CPU.ActiveCfg = Release|Any CPU
		{005F7233-D066-4E16-BDF9-0FFF7E7EC6B8}.Release|Any CPU.Build.0 = Release|Any CPU
		{6BEA2888-8A58-4A35-9263-CCF3B6B90036}.Debug|Any CPU.ActiveCfg = Debug|Any CPU
		{6BEA2888-8A58-4A35-9263-CCF3B6B90036}.Debug|Any CPU.Build.0 = Debug|Any CPU
		{6BEA2888-8A58-4A35-9263-CCF3B6B90036}.Release|Any CPU.ActiveCfg = Release|Any CPU
		{6BEA2888-8A58-4A35-9263-CCF3B6B90036}.Release|Any CPU.Build.0 = Release|Any CPU
		{2571255A-A593-4AD2-82F2-DD2A7AFC5ACB}.Debug|Any CPU.ActiveCfg = Debug|Any CPU
		{2571255A-A593-4AD2-82F2-DD2A7AFC5ACB}.Debug|Any CPU.Build.0 = Debug|Any CPU
		{2571255A-A593-4AD2-82F2-DD2A7AFC5ACB}.Release|Any CPU.ActiveCfg = Release|Any CPU
		{2571255A-A593-4AD2-82F2-DD2A7AFC5ACB}.Release|Any CPU.Build.0 = Release|Any CPU
		{807C8B93-BF18-4C97-910E-7C12F6E466FB}.Debug|Any CPU.ActiveCfg = Debug|Any CPU
		{807C8B93-BF18-4C97-910E-7C12F6E466FB}.Debug|Any CPU.Build.0 = Debug|Any CPU
		{807C8B93-BF18-4C97-910E-7C12F6E466FB}.Release|Any CPU.ActiveCfg = Release|Any CPU
		{807C8B93-BF18-4C97-910E-7C12F6E466FB}.Release|Any CPU.Build.0 = Release|Any CPU
		{D2D8B97C-7701-43B9-B5F2-5E3FD0EE3C16}.Debug|Any CPU.ActiveCfg = Debug|Any CPU
		{D2D8B97C-7701-43B9-B5F2-5E3FD0EE3C16}.Debug|Any CPU.Build.0 = Debug|Any CPU
		{D2D8B97C-7701-43B9-B5F2-5E3FD0EE3C16}.Release|Any CPU.ActiveCfg = Release|Any CPU
		{D2D8B97C-7701-43B9-B5F2-5E3FD0EE3C16}.Release|Any CPU.Build.0 = Release|Any CPU
		{C34E6781-C283-42EA-8281-EFE6C4A268CA}.Debug|Any CPU.ActiveCfg = Debug|Any CPU
		{C34E6781-C283-42EA-8281-EFE6C4A268CA}.Debug|Any CPU.Build.0 = Debug|Any CPU
		{C34E6781-C283-42EA-8281-EFE6C4A268CA}.Release|Any CPU.ActiveCfg = Release|Any CPU
		{C34E6781-C283-42EA-8281-EFE6C4A268CA}.Release|Any CPU.Build.0 = Release|Any CPU
		{58382567-6491-4B9C-B03D-E987C1D6F20A}.Debug|Any CPU.ActiveCfg = Debug|Any CPU
		{58382567-6491-4B9C-B03D-E987C1D6F20A}.Debug|Any CPU.Build.0 = Debug|Any CPU
		{58382567-6491-4B9C-B03D-E987C1D6F20A}.Release|Any CPU.ActiveCfg = Release|Any CPU
		{58382567-6491-4B9C-B03D-E987C1D6F20A}.Release|Any CPU.Build.0 = Release|Any CPU
	EndGlobalSection
	GlobalSection(NestedProjects) = preSolution
		{5EECBD1F-E08B-4E06-8D6F-01A8D252DE87} = {51A01FF6-1892-4761-970B-130BE858B188}
		{EB84E104-9D81-4756-BBB4-3C6337CBC38D} = {51A01FF6-1892-4761-970B-130BE858B188}
		{005F7233-D066-4E16-BDF9-0FFF7E7EC6B8} = {51A01FF6-1892-4761-970B-130BE858B188}
		{6BEA2888-8A58-4A35-9263-CCF3B6B90036} = {51A01FF6-1892-4761-970B-130BE858B188}
		{2571255A-A593-4AD2-82F2-DD2A7AFC5ACB} = {33ED6351-CF2A-41EC-BE66-12083B7507AD}
		{807C8B93-BF18-4C97-910E-7C12F6E466FB} = {33ED6351-CF2A-41EC-BE66-12083B7507AD}
		{D2D8B97C-7701-43B9-B5F2-5E3FD0EE3C16} = {33ED6351-CF2A-41EC-BE66-12083B7507AD}
		{C34E6781-C283-42EA-8281-EFE6C4A268CA} = {33ED6351-CF2A-41EC-BE66-12083B7507AD}
		{58382567-6491-4B9C-B03D-E987C1D6F20A} = {33ED6351-CF2A-41EC-BE66-12083B7507AD}
	EndGlobalSection
	GlobalSection(ProjectConfigurationPlatforms) = postSolution
		{87579E8E-B4AB-406B-84F8-2B9B9E542D67}.Debug|Any CPU.ActiveCfg = Debug|Any CPU
		{87579E8E-B4AB-406B-84F8-2B9B9E542D67}.Debug|Any CPU.Build.0 = Debug|Any CPU
		{87579E8E-B4AB-406B-84F8-2B9B9E542D67}.Release|Any CPU.ActiveCfg = Release|Any CPU
		{87579E8E-B4AB-406B-84F8-2B9B9E542D67}.Release|Any CPU.Build.0 = Release|Any CPU
		{F335822D-FB74-4403-B5C5-E954D95BECC3}.Debug|Any CPU.ActiveCfg = Debug|Any CPU
		{F335822D-FB74-4403-B5C5-E954D95BECC3}.Debug|Any CPU.Build.0 = Debug|Any CPU
		{F335822D-FB74-4403-B5C5-E954D95BECC3}.Release|Any CPU.ActiveCfg = Release|Any CPU
		{F335822D-FB74-4403-B5C5-E954D95BECC3}.Release|Any CPU.Build.0 = Release|Any CPU
		{288E30EF-0256-460C-82FE-95617DBE940E}.Debug|Any CPU.ActiveCfg = Debug|Any CPU
		{288E30EF-0256-460C-82FE-95617DBE940E}.Debug|Any CPU.Build.0 = Debug|Any CPU
		{288E30EF-0256-460C-82FE-95617DBE940E}.Release|Any CPU.ActiveCfg = Release|Any CPU
		{288E30EF-0256-460C-82FE-95617DBE940E}.Release|Any CPU.Build.0 = Release|Any CPU
		{0493D3CA-C664-4E31-B376-FB27C8B32283}.Debug|Any CPU.ActiveCfg = Debug|Any CPU
		{0493D3CA-C664-4E31-B376-FB27C8B32283}.Debug|Any CPU.Build.0 = Debug|Any CPU
		{0493D3CA-C664-4E31-B376-FB27C8B32283}.Release|Any CPU.ActiveCfg = Release|Any CPU
		{0493D3CA-C664-4E31-B376-FB27C8B32283}.Release|Any CPU.Build.0 = Release|Any CPU
		{5544E718-FF17-4A13-8B95-B4C7880DC450}.Debug|Any CPU.ActiveCfg = Debug|Any CPU
		{5544E718-FF17-4A13-8B95-B4C7880DC450}.Debug|Any CPU.Build.0 = Debug|Any CPU
		{5544E718-FF17-4A13-8B95-B4C7880DC450}.Release|Any CPU.ActiveCfg = Release|Any CPU
		{5544E718-FF17-4A13-8B95-B4C7880DC450}.Release|Any CPU.Build.0 = Release|Any CPU
	EndGlobalSection
	GlobalSection(NestedProjects) = preSolution
		{87579E8E-B4AB-406B-84F8-2B9B9E542D67} = {7095656B-7824-4E3B-A538-B6851874CBCC}
		{F335822D-FB74-4403-B5C5-E954D95BECC3} = {7095656B-7824-4E3B-A538-B6851874CBCC}
		{288E30EF-0256-460C-82FE-95617DBE940E} = {7095656B-7824-4E3B-A538-B6851874CBCC}
		{0493D3CA-C664-4E31-B376-FB27C8B32283} = {7095656B-7824-4E3B-A538-B6851874CBCC}
		{5544E718-FF17-4A13-8B95-B4C7880DC450} = {33ED6351-CF2A-41EC-BE66-12083B7507AD}
	EndGlobalSection
EndGlobal
